// !$*UTF8*$!
{
	archiveVersion = 1;
	classes = {
	};
	objectVersion = 50;
	objects = {

/* Begin PBXBuildFile section */
		FAC1B31B24EB8504001D854A /* AppDelegate.swift in Sources */ = {isa = PBXBuildFile; fileRef = FAC1B31A24EB8504001D854A /* AppDelegate.swift */; };
		FAC1B31D24EB8504001D854A /* SceneDelegate.swift in Sources */ = {isa = PBXBuildFile; fileRef = FAC1B31C24EB8504001D854A /* SceneDelegate.swift */; };
		FAC1B31F24EB8504001D854A /* ViewController.swift in Sources */ = {isa = PBXBuildFile; fileRef = FAC1B31E24EB8504001D854A /* ViewController.swift */; };
		FAC1B32224EB8504001D854A /* Main.storyboard in Resources */ = {isa = PBXBuildFile; fileRef = FAC1B32024EB8504001D854A /* Main.storyboard */; };
		FAC1B32424EB8506001D854A /* Assets.xcassets in Resources */ = {isa = PBXBuildFile; fileRef = FAC1B32324EB8506001D854A /* Assets.xcassets */; };
		FAC1B32724EB8506001D854A /* LaunchScreen.storyboard in Resources */ = {isa = PBXBuildFile; fileRef = FAC1B32524EB8506001D854A /* LaunchScreen.storyboard */; };
		FAC1B33224EB8507001D854A /* DemoFastlaneTests.swift in Sources */ = {isa = PBXBuildFile; fileRef = FAC1B33124EB8507001D854A /* DemoFastlaneTests.swift */; };
		FAC1B33D24EB8507001D854A /* DemoFastlaneUITests.swift in Sources */ = {isa = PBXBuildFile; fileRef = FAC1B33C24EB8507001D854A /* DemoFastlaneUITests.swift */; };
/* End PBXBuildFile section */

/* Begin PBXContainerItemProxy section */
		FAC1B32E24EB8507001D854A /* PBXContainerItemProxy */ = {
			isa = PBXContainerItemProxy;
			containerPortal = FAC1B30F24EB8504001D854A /* Project object */;
			proxyType = 1;
			remoteGlobalIDString = FAC1B31624EB8504001D854A;
			remoteInfo = DemoFastlane;
		};
		FAC1B33924EB8507001D854A /* PBXContainerItemProxy */ = {
			isa = PBXContainerItemProxy;
			containerPortal = FAC1B30F24EB8504001D854A /* Project object */;
			proxyType = 1;
			remoteGlobalIDString = FAC1B31624EB8504001D854A;
			remoteInfo = DemoFastlane;
		};
/* End PBXContainerItemProxy section */

/* Begin PBXFileReference section */
		FAC1B31724EB8504001D854A /* DemoFastlane.app */ = {isa = PBXFileReference; explicitFileType = wrapper.application; includeInIndex = 0; path = DemoFastlane.app; sourceTree = BUILT_PRODUCTS_DIR; };
		FAC1B31A24EB8504001D854A /* AppDelegate.swift */ = {isa = PBXFileReference; lastKnownFileType = sourcecode.swift; path = AppDelegate.swift; sourceTree = "<group>"; };
		FAC1B31C24EB8504001D854A /* SceneDelegate.swift */ = {isa = PBXFileReference; lastKnownFileType = sourcecode.swift; path = SceneDelegate.swift; sourceTree = "<group>"; };
		FAC1B31E24EB8504001D854A /* ViewController.swift */ = {isa = PBXFileReference; lastKnownFileType = sourcecode.swift; path = ViewController.swift; sourceTree = "<group>"; };
		FAC1B32124EB8504001D854A /* Base */ = {isa = PBXFileReference; lastKnownFileType = file.storyboard; name = Base; path = Base.lproj/Main.storyboard; sourceTree = "<group>"; };
		FAC1B32324EB8506001D854A /* Assets.xcassets */ = {isa = PBXFileReference; lastKnownFileType = folder.assetcatalog; path = Assets.xcassets; sourceTree = "<group>"; };
		FAC1B32624EB8506001D854A /* Base */ = {isa = PBXFileReference; lastKnownFileType = file.storyboard; name = Base; path = Base.lproj/LaunchScreen.storyboard; sourceTree = "<group>"; };
		FAC1B32824EB8507001D854A /* Info.plist */ = {isa = PBXFileReference; lastKnownFileType = text.plist.xml; path = Info.plist; sourceTree = "<group>"; };
		FAC1B32D24EB8507001D854A /* DemoFastlaneTests.xctest */ = {isa = PBXFileReference; explicitFileType = wrapper.cfbundle; includeInIndex = 0; path = DemoFastlaneTests.xctest; sourceTree = BUILT_PRODUCTS_DIR; };
		FAC1B33124EB8507001D854A /* DemoFastlaneTests.swift */ = {isa = PBXFileReference; lastKnownFileType = sourcecode.swift; path = DemoFastlaneTests.swift; sourceTree = "<group>"; };
		FAC1B33324EB8507001D854A /* Info.plist */ = {isa = PBXFileReference; lastKnownFileType = text.plist.xml; path = Info.plist; sourceTree = "<group>"; };
		FAC1B33824EB8507001D854A /* DemoFastlaneUITests.xctest */ = {isa = PBXFileReference; explicitFileType = wrapper.cfbundle; includeInIndex = 0; path = DemoFastlaneUITests.xctest; sourceTree = BUILT_PRODUCTS_DIR; };
		FAC1B33C24EB8507001D854A /* DemoFastlaneUITests.swift */ = {isa = PBXFileReference; lastKnownFileType = sourcecode.swift; path = DemoFastlaneUITests.swift; sourceTree = "<group>"; };
		FAC1B33E24EB8507001D854A /* Info.plist */ = {isa = PBXFileReference; lastKnownFileType = text.plist.xml; path = Info.plist; sourceTree = "<group>"; };
/* End PBXFileReference section */

/* Begin PBXFrameworksBuildPhase section */
		FAC1B31424EB8504001D854A /* Frameworks */ = {
			isa = PBXFrameworksBuildPhase;
			buildActionMask = 2147483647;
			files = (
			);
			runOnlyForDeploymentPostprocessing = 0;
		};
		FAC1B32A24EB8507001D854A /* Frameworks */ = {
			isa = PBXFrameworksBuildPhase;
			buildActionMask = 2147483647;
			files = (
			);
			runOnlyForDeploymentPostprocessing = 0;
		};
		FAC1B33524EB8507001D854A /* Frameworks */ = {
			isa = PBXFrameworksBuildPhase;
			buildActionMask = 2147483647;
			files = (
			);
			runOnlyForDeploymentPostprocessing = 0;
		};
/* End PBXFrameworksBuildPhase section */

/* Begin PBXGroup section */
		FAC1B30E24EB8504001D854A = {
			isa = PBXGroup;
			children = (
				FAC1B31924EB8504001D854A /* DemoFastlane */,
				FAC1B33024EB8507001D854A /* DemoFastlaneTests */,
				FAC1B33B24EB8507001D854A /* DemoFastlaneUITests */,
				FAC1B31824EB8504001D854A /* Products */,
			);
			sourceTree = "<group>";
		};
		FAC1B31824EB8504001D854A /* Products */ = {
			isa = PBXGroup;
			children = (
				FAC1B31724EB8504001D854A /* DemoFastlane.app */,
				FAC1B32D24EB8507001D854A /* DemoFastlaneTests.xctest */,
				FAC1B33824EB8507001D854A /* DemoFastlaneUITests.xctest */,
			);
			name = Products;
			sourceTree = "<group>";
		};
		FAC1B31924EB8504001D854A /* DemoFastlane */ = {
			isa = PBXGroup;
			children = (
				FAC1B31A24EB8504001D854A /* AppDelegate.swift */,
				FAC1B31C24EB8504001D854A /* SceneDelegate.swift */,
				FAC1B31E24EB8504001D854A /* ViewController.swift */,
				FAC1B32024EB8504001D854A /* Main.storyboard */,
				FAC1B32324EB8506001D854A /* Assets.xcassets */,
				FAC1B32524EB8506001D854A /* LaunchScreen.storyboard */,
				FAC1B32824EB8507001D854A /* Info.plist */,
			);
			path = DemoFastlane;
			sourceTree = "<group>";
		};
		FAC1B33024EB8507001D854A /* DemoFastlaneTests */ = {
			isa = PBXGroup;
			children = (
				FAC1B33124EB8507001D854A /* DemoFastlaneTests.swift */,
				FAC1B33324EB8507001D854A /* Info.plist */,
			);
			path = DemoFastlaneTests;
			sourceTree = "<group>";
		};
		FAC1B33B24EB8507001D854A /* DemoFastlaneUITests */ = {
			isa = PBXGroup;
			children = (
				FAC1B33C24EB8507001D854A /* DemoFastlaneUITests.swift */,
				FAC1B33E24EB8507001D854A /* Info.plist */,
			);
			path = DemoFastlaneUITests;
			sourceTree = "<group>";
		};
/* End PBXGroup section */

/* Begin PBXNativeTarget section */
		FAC1B31624EB8504001D854A /* DemoFastlane */ = {
			isa = PBXNativeTarget;
			buildConfigurationList = FAC1B34124EB8507001D854A /* Build configuration list for PBXNativeTarget "DemoFastlane" */;
			buildPhases = (
				FAC1B31324EB8504001D854A /* Sources */,
				FAC1B31424EB8504001D854A /* Frameworks */,
				FAC1B31524EB8504001D854A /* Resources */,
			);
			buildRules = (
			);
			dependencies = (
			);
			name = DemoFastlane;
			productName = DemoFastlane;
			productReference = FAC1B31724EB8504001D854A /* DemoFastlane.app */;
			productType = "com.apple.product-type.application";
		};
		FAC1B32C24EB8507001D854A /* DemoFastlaneTests */ = {
			isa = PBXNativeTarget;
			buildConfigurationList = FAC1B34424EB8507001D854A /* Build configuration list for PBXNativeTarget "DemoFastlaneTests" */;
			buildPhases = (
				FAC1B32924EB8507001D854A /* Sources */,
				FAC1B32A24EB8507001D854A /* Frameworks */,
				FAC1B32B24EB8507001D854A /* Resources */,
			);
			buildRules = (
			);
			dependencies = (
				FAC1B32F24EB8507001D854A /* PBXTargetDependency */,
			);
			name = DemoFastlaneTests;
			productName = DemoFastlaneTests;
			productReference = FAC1B32D24EB8507001D854A /* DemoFastlaneTests.xctest */;
			productType = "com.apple.product-type.bundle.unit-test";
		};
		FAC1B33724EB8507001D854A /* DemoFastlaneUITests */ = {
			isa = PBXNativeTarget;
			buildConfigurationList = FAC1B34724EB8507001D854A /* Build configuration list for PBXNativeTarget "DemoFastlaneUITests" */;
			buildPhases = (
				FAC1B33424EB8507001D854A /* Sources */,
				FAC1B33524EB8507001D854A /* Frameworks */,
				FAC1B33624EB8507001D854A /* Resources */,
			);
			buildRules = (
			);
			dependencies = (
				FAC1B33A24EB8507001D854A /* PBXTargetDependency */,
			);
			name = DemoFastlaneUITests;
			productName = DemoFastlaneUITests;
			productReference = FAC1B33824EB8507001D854A /* DemoFastlaneUITests.xctest */;
			productType = "com.apple.product-type.bundle.ui-testing";
		};
/* End PBXNativeTarget section */

/* Begin PBXProject section */
		FAC1B30F24EB8504001D854A /* Project object */ = {
			isa = PBXProject;
			attributes = {
				LastSwiftUpdateCheck = 1200;
				LastUpgradeCheck = 1200;
				TargetAttributes = {
					FAC1B31624EB8504001D854A = {
						CreatedOnToolsVersion = 12.0;
					};
					FAC1B32C24EB8507001D854A = {
						CreatedOnToolsVersion = 12.0;
						TestTargetID = FAC1B31624EB8504001D854A;
					};
					FAC1B33724EB8507001D854A = {
						CreatedOnToolsVersion = 12.0;
						TestTargetID = FAC1B31624EB8504001D854A;
					};
				};
			};
			buildConfigurationList = FAC1B31224EB8504001D854A /* Build configuration list for PBXProject "DemoFastlane" */;
			compatibilityVersion = "Xcode 9.3";
			developmentRegion = en;
			hasScannedForEncodings = 0;
			knownRegions = (
				en,
				Base,
			);
			mainGroup = FAC1B30E24EB8504001D854A;
			productRefGroup = FAC1B31824EB8504001D854A /* Products */;
			projectDirPath = "";
			projectRoot = "";
			targets = (
				FAC1B31624EB8504001D854A /* DemoFastlane */,
				FAC1B32C24EB8507001D854A /* DemoFastlaneTests */,
				FAC1B33724EB8507001D854A /* DemoFastlaneUITests */,
			);
		};
/* End PBXProject section */

/* Begin PBXResourcesBuildPhase section */
		FAC1B31524EB8504001D854A /* Resources */ = {
			isa = PBXResourcesBuildPhase;
			buildActionMask = 2147483647;
			files = (
				FAC1B32724EB8506001D854A /* LaunchScreen.storyboard in Resources */,
				FAC1B32424EB8506001D854A /* Assets.xcassets in Resources */,
				FAC1B32224EB8504001D854A /* Main.storyboard in Resources */,
			);
			runOnlyForDeploymentPostprocessing = 0;
		};
		FAC1B32B24EB8507001D854A /* Resources */ = {
			isa = PBXResourcesBuildPhase;
			buildActionMask = 2147483647;
			files = (
			);
			runOnlyForDeploymentPostprocessing = 0;
		};
		FAC1B33624EB8507001D854A /* Resources */ = {
			isa = PBXResourcesBuildPhase;
			buildActionMask = 2147483647;
			files = (
			);
			runOnlyForDeploymentPostprocessing = 0;
		};
/* End PBXResourcesBuildPhase section */

/* Begin PBXSourcesBuildPhase section */
		FAC1B31324EB8504001D854A /* Sources */ = {
			isa = PBXSourcesBuildPhase;
			buildActionMask = 2147483647;
			files = (
				FAC1B31F24EB8504001D854A /* ViewController.swift in Sources */,
				FAC1B31B24EB8504001D854A /* AppDelegate.swift in Sources */,
				FAC1B31D24EB8504001D854A /* SceneDelegate.swift in Sources */,
			);
			runOnlyForDeploymentPostprocessing = 0;
		};
		FAC1B32924EB8507001D854A /* Sources */ = {
			isa = PBXSourcesBuildPhase;
			buildActionMask = 2147483647;
			files = (
				FAC1B33224EB8507001D854A /* DemoFastlaneTests.swift in Sources */,
			);
			runOnlyForDeploymentPostprocessing = 0;
		};
		FAC1B33424EB8507001D854A /* Sources */ = {
			isa = PBXSourcesBuildPhase;
			buildActionMask = 2147483647;
			files = (
				FAC1B33D24EB8507001D854A /* DemoFastlaneUITests.swift in Sources */,
			);
			runOnlyForDeploymentPostprocessing = 0;
		};
/* End PBXSourcesBuildPhase section */

/* Begin PBXTargetDependency section */
		FAC1B32F24EB8507001D854A /* PBXTargetDependency */ = {
			isa = PBXTargetDependency;
			target = FAC1B31624EB8504001D854A /* DemoFastlane */;
			targetProxy = FAC1B32E24EB8507001D854A /* PBXContainerItemProxy */;
		};
		FAC1B33A24EB8507001D854A /* PBXTargetDependency */ = {
			isa = PBXTargetDependency;
			target = FAC1B31624EB8504001D854A /* DemoFastlane */;
			targetProxy = FAC1B33924EB8507001D854A /* PBXContainerItemProxy */;
		};
/* End PBXTargetDependency section */

/* Begin PBXVariantGroup section */
		FAC1B32024EB8504001D854A /* Main.storyboard */ = {
			isa = PBXVariantGroup;
			children = (
				FAC1B32124EB8504001D854A /* Base */,
			);
			name = Main.storyboard;
			sourceTree = "<group>";
		};
		FAC1B32524EB8506001D854A /* LaunchScreen.storyboard */ = {
			isa = PBXVariantGroup;
			children = (
				FAC1B32624EB8506001D854A /* Base */,
			);
			name = LaunchScreen.storyboard;
			sourceTree = "<group>";
		};
/* End PBXVariantGroup section */

/* Begin XCBuildConfiguration section */
		FAC1B33F24EB8507001D854A /* Debug */ = {
			isa = XCBuildConfiguration;
			buildSettings = {
				ALWAYS_SEARCH_USER_PATHS = NO;
				CLANG_ANALYZER_NONNULL = YES;
				CLANG_ANALYZER_NUMBER_OBJECT_CONVERSION = YES_AGGRESSIVE;
				CLANG_CXX_LANGUAGE_STANDARD = "gnu++14";
				CLANG_CXX_LIBRARY = "libc++";
				CLANG_ENABLE_MODULES = YES;
				CLANG_ENABLE_OBJC_ARC = YES;
				CLANG_ENABLE_OBJC_WEAK = YES;
				CLANG_WARN_BLOCK_CAPTURE_AUTORELEASING = YES;
				CLANG_WARN_BOOL_CONVERSION = YES;
				CLANG_WARN_COMMA = YES;
				CLANG_WARN_CONSTANT_CONVERSION = YES;
				CLANG_WARN_DEPRECATED_OBJC_IMPLEMENTATIONS = YES;
				CLANG_WARN_DIRECT_OBJC_ISA_USAGE = YES_ERROR;
				CLANG_WARN_DOCUMENTATION_COMMENTS = YES;
				CLANG_WARN_EMPTY_BODY = YES;
				CLANG_WARN_ENUM_CONVERSION = YES;
				CLANG_WARN_INFINITE_RECURSION = YES;
				CLANG_WARN_INT_CONVERSION = YES;
				CLANG_WARN_NON_LITERAL_NULL_CONVERSION = YES;
				CLANG_WARN_OBJC_IMPLICIT_RETAIN_SELF = YES;
				CLANG_WARN_OBJC_LITERAL_CONVERSION = YES;
				CLANG_WARN_OBJC_ROOT_CLASS = YES_ERROR;
				CLANG_WARN_QUOTED_INCLUDE_IN_FRAMEWORK_HEADER = YES;
				CLANG_WARN_RANGE_LOOP_ANALYSIS = YES;
				CLANG_WARN_STRICT_PROTOTYPES = YES;
				CLANG_WARN_SUSPICIOUS_MOVE = YES;
				CLANG_WARN_UNGUARDED_AVAILABILITY = YES_AGGRESSIVE;
				CLANG_WARN_UNREACHABLE_CODE = YES;
				CLANG_WARN__DUPLICATE_METHOD_MATCH = YES;
				COPY_PHASE_STRIP = NO;
				DEBUG_INFORMATION_FORMAT = dwarf;
				ENABLE_STRICT_OBJC_MSGSEND = YES;
				ENABLE_TESTABILITY = YES;
				GCC_C_LANGUAGE_STANDARD = gnu11;
				GCC_DYNAMIC_NO_PIC = NO;
				GCC_NO_COMMON_BLOCKS = YES;
				GCC_OPTIMIZATION_LEVEL = 0;
				GCC_PREPROCESSOR_DEFINITIONS = (
					"DEBUG=1",
					"$(inherited)",
				);
				GCC_WARN_64_TO_32_BIT_CONVERSION = YES;
				GCC_WARN_ABOUT_RETURN_TYPE = YES_ERROR;
				GCC_WARN_UNDECLARED_SELECTOR = YES;
				GCC_WARN_UNINITIALIZED_AUTOS = YES_AGGRESSIVE;
				GCC_WARN_UNUSED_FUNCTION = YES;
				GCC_WARN_UNUSED_VARIABLE = YES;
				IPHONEOS_DEPLOYMENT_TARGET = 14.0;
				MTL_ENABLE_DEBUG_INFO = INCLUDE_SOURCE;
				MTL_FAST_MATH = YES;
				ONLY_ACTIVE_ARCH = YES;
				SDKROOT = iphoneos;
				SWIFT_ACTIVE_COMPILATION_CONDITIONS = DEBUG;
				SWIFT_OPTIMIZATION_LEVEL = "-Onone";
			};
			name = Debug;
		};
		FAC1B34024EB8507001D854A /* Release */ = {
			isa = XCBuildConfiguration;
			buildSettings = {
				ALWAYS_SEARCH_USER_PATHS = NO;
				CLANG_ANALYZER_NONNULL = YES;
				CLANG_ANALYZER_NUMBER_OBJECT_CONVERSION = YES_AGGRESSIVE;
				CLANG_CXX_LANGUAGE_STANDARD = "gnu++14";
				CLANG_CXX_LIBRARY = "libc++";
				CLANG_ENABLE_MODULES = YES;
				CLANG_ENABLE_OBJC_ARC = YES;
				CLANG_ENABLE_OBJC_WEAK = YES;
				CLANG_WARN_BLOCK_CAPTURE_AUTORELEASING = YES;
				CLANG_WARN_BOOL_CONVERSION = YES;
				CLANG_WARN_COMMA = YES;
				CLANG_WARN_CONSTANT_CONVERSION = YES;
				CLANG_WARN_DEPRECATED_OBJC_IMPLEMENTATIONS = YES;
				CLANG_WARN_DIRECT_OBJC_ISA_USAGE = YES_ERROR;
				CLANG_WARN_DOCUMENTATION_COMMENTS = YES;
				CLANG_WARN_EMPTY_BODY = YES;
				CLANG_WARN_ENUM_CONVERSION = YES;
				CLANG_WARN_INFINITE_RECURSION = YES;
				CLANG_WARN_INT_CONVERSION = YES;
				CLANG_WARN_NON_LITERAL_NULL_CONVERSION = YES;
				CLANG_WARN_OBJC_IMPLICIT_RETAIN_SELF = YES;
				CLANG_WARN_OBJC_LITERAL_CONVERSION = YES;
				CLANG_WARN_OBJC_ROOT_CLASS = YES_ERROR;
				CLANG_WARN_QUOTED_INCLUDE_IN_FRAMEWORK_HEADER = YES;
				CLANG_WARN_RANGE_LOOP_ANALYSIS = YES;
				CLANG_WARN_STRICT_PROTOTYPES = YES;
				CLANG_WARN_SUSPICIOUS_MOVE = YES;
				CLANG_WARN_UNGUARDED_AVAILABILITY = YES_AGGRESSIVE;
				CLANG_WARN_UNREACHABLE_CODE = YES;
				CLANG_WARN__DUPLICATE_METHOD_MATCH = YES;
				COPY_PHASE_STRIP = NO;
				DEBUG_INFORMATION_FORMAT = "dwarf-with-dsym";
				ENABLE_NS_ASSERTIONS = NO;
				ENABLE_STRICT_OBJC_MSGSEND = YES;
				GCC_C_LANGUAGE_STANDARD = gnu11;
				GCC_NO_COMMON_BLOCKS = YES;
				GCC_WARN_64_TO_32_BIT_CONVERSION = YES;
				GCC_WARN_ABOUT_RETURN_TYPE = YES_ERROR;
				GCC_WARN_UNDECLARED_SELECTOR = YES;
				GCC_WARN_UNINITIALIZED_AUTOS = YES_AGGRESSIVE;
				GCC_WARN_UNUSED_FUNCTION = YES;
				GCC_WARN_UNUSED_VARIABLE = YES;
				IPHONEOS_DEPLOYMENT_TARGET = 14.0;
				MTL_ENABLE_DEBUG_INFO = NO;
				MTL_FAST_MATH = YES;
				SDKROOT = iphoneos;
				SWIFT_COMPILATION_MODE = wholemodule;
				SWIFT_OPTIMIZATION_LEVEL = "-O";
				VALIDATE_PRODUCT = YES;
			};
			name = Release;
		};
		FAC1B34224EB8507001D854A /* Debug */ = {
			isa = XCBuildConfiguration;
			buildSettings = {
				ASSETCATALOG_COMPILER_APPICON_NAME = AppIcon;
				ASSETCATALOG_COMPILER_GLOBAL_ACCENT_COLOR_NAME = AccentColor;
				CODE_SIGN_STYLE = Automatic;
				DEVELOPMENT_TEAM = T9S83DPATB;
				INFOPLIST_FILE = DemoFastlane/Info.plist;
				LD_RUNPATH_SEARCH_PATHS = (
					"$(inherited)",
					"@executable_path/Frameworks",
				);
				PRODUCT_BUNDLE_IDENTIFIER = com.chinhpham.DemoFastlane;
				PRODUCT_NAME = "$(TARGET_NAME)";
				SWIFT_VERSION = 5.0;
				TARGETED_DEVICE_FAMILY = "1,2";
			};
			name = Debug;
		};
		FAC1B34324EB8507001D854A /* Release */ = {
			isa = XCBuildConfiguration;
			buildSettings = {
				ASSETCATALOG_COMPILER_APPICON_NAME = AppIcon;
				ASSETCATALOG_COMPILER_GLOBAL_ACCENT_COLOR_NAME = AccentColor;
				CODE_SIGN_STYLE = Automatic;
				DEVELOPMENT_TEAM = T9S83DPATB;
				INFOPLIST_FILE = DemoFastlane/Info.plist;
				LD_RUNPATH_SEARCH_PATHS = (
					"$(inherited)",
					"@executable_path/Frameworks",
				);
				PRODUCT_BUNDLE_IDENTIFIER = com.chinhpham.DemoFastlane;
				PRODUCT_NAME = "$(TARGET_NAME)";
				SWIFT_VERSION = 5.0;
				TARGETED_DEVICE_FAMILY = "1,2";
			};
			name = Release;
		};
		FAC1B34524EB8507001D854A /* Debug */ = {
			isa = XCBuildConfiguration;
			buildSettings = {
				ALWAYS_EMBED_SWIFT_STANDARD_LIBRARIES = YES;
				BUNDLE_LOADER = "$(TEST_HOST)";
				CODE_SIGN_STYLE = Automatic;
				DEVELOPMENT_TEAM = T9S83DPATB;
				INFOPLIST_FILE = DemoFastlaneTests/Info.plist;
				IPHONEOS_DEPLOYMENT_TARGET = 14.0;
				LD_RUNPATH_SEARCH_PATHS = (
					"$(inherited)",
					"@executable_path/Frameworks",
					"@loader_path/Frameworks",
				);
				PRODUCT_BUNDLE_IDENTIFIER = com.chinhpham.DemoFastlaneTests;
				PRODUCT_NAME = "$(TARGET_NAME)";
				SWIFT_VERSION = 5.0;
				TARGETED_DEVICE_FAMILY = "1,2";
				TEST_HOST = "$(BUILT_PRODUCTS_DIR)/DemoFastlane.app/DemoFastlane";
			};
			name = Debug;
		};
		FAC1B34624EB8507001D854A /* Release */ = {
			isa = XCBuildConfiguration;
			buildSettings = {
				ALWAYS_EMBED_SWIFT_STANDARD_LIBRARIES = YES;
				BUNDLE_LOADER = "$(TEST_HOST)";
				CODE_SIGN_STYLE = Automatic;
				DEVELOPMENT_TEAM = T9S83DPATB;
				INFOPLIST_FILE = DemoFastlaneTests/Info.plist;
				IPHONEOS_DEPLOYMENT_TARGET = 14.0;
				LD_RUNPATH_SEARCH_PATHS = (
					"$(inherited)",
					"@executable_path/Frameworks",
					"@loader_path/Frameworks",
				);
				PRODUCT_BUNDLE_IDENTIFIER = com.chinhpham.DemoFastlaneTests;
				PRODUCT_NAME = "$(TARGET_NAME)";
				SWIFT_VERSION = 5.0;
				TARGETED_DEVICE_FAMILY = "1,2";
				TEST_HOST = "$(BUILT_PRODUCTS_DIR)/DemoFastlane.app/DemoFastlane";
			};
			name = Release;
		};
		FAC1B34824EB8507001D854A /* Debug */ = {
			isa = XCBuildConfiguration;
			buildSettings = {
				ALWAYS_EMBED_SWIFT_STANDARD_LIBRARIES = YES;
				CODE_SIGN_STYLE = Automatic;
				DEVELOPMENT_TEAM = T9S83DPATB;
				INFOPLIST_FILE = DemoFastlaneUITests/Info.plist;
				LD_RUNPATH_SEARCH_PATHS = (
					"$(inherited)",
					"@executable_path/Frameworks",
					"@loader_path/Frameworks",
				);
				PRODUCT_BUNDLE_IDENTIFIER = com.chinhpham.DemoFastlaneUITests;
				PRODUCT_NAME = "$(TARGET_NAME)";
				SWIFT_VERSION = 5.0;
				TARGETED_DEVICE_FAMILY = "1,2";
				TEST_TARGET_NAME = DemoFastlane;
			};
			name = Debug;
		};
		FAC1B34924EB8507001D854A /* Release */ = {
			isa = XCBuildConfiguration;
			buildSettings = {
				ALWAYS_EMBED_SWIFT_STANDARD_LIBRARIES = YES;
				CODE_SIGN_STYLE = Automatic;
				DEVELOPMENT_TEAM = T9S83DPATB;
				INFOPLIST_FILE = DemoFastlaneUITests/Info.plist;
				LD_RUNPATH_SEARCH_PATHS = (
					"$(inherited)",
					"@executable_path/Frameworks",
					"@loader_path/Frameworks",
				);
				PRODUCT_BUNDLE_IDENTIFIER = com.chinhpham.DemoFastlaneUITests;
				PRODUCT_NAME = "$(TARGET_NAME)";
				SWIFT_VERSION = 5.0;
				TARGETED_DEVICE_FAMILY = "1,2";
				TEST_TARGET_NAME = DemoFastlane;
			};
			name = Release;
		};
/* End XCBuildConfiguration section */

/* Begin XCConfigurationList section */
		FAC1B31224EB8504001D854A /* Build configuration list for PBXProject "DemoFastlane" */ = {
			isa = XCConfigurationList;
			buildConfigurations = (
				FAC1B33F24EB8507001D854A /* Debug */,
				FAC1B34024EB8507001D854A /* Release */,
			);
			defaultConfigurationIsVisible = 0;
			defaultConfigurationName = Release;
		};
		FAC1B34124EB8507001D854A /* Build configuration list for PBXNativeTarget "DemoFastlane" */ = {
			isa = XCConfigurationList;
			buildConfigurations = (
				FAC1B34224EB8507001D854A /* Debug */,
				FAC1B34324EB8507001D854A /* Release */,
			);
			defaultConfigurationIsVisible = 0;
			defaultConfigurationName = Release;
		};
		FAC1B34424EB8507001D854A /* Build configuration list for PBXNativeTarget "DemoFastlaneTests" */ = {
			isa = XCConfigurationList;
			buildConfigurations = (
				FAC1B34524EB8507001D854A /* Debug */,
				FAC1B34624EB8507001D854A /* Release */,
			);
			defaultConfigurationIsVisible = 0;
			defaultConfigurationName = Release;
		};
		FAC1B34724EB8507001D854A /* Build configuration list for PBXNativeTarget "DemoFastlaneUITests" */ = {
			isa = XCConfigurationList;
			buildConfigurations = (
				FAC1B34824EB8507001D854A /* Debug */,
				FAC1B34924EB8507001D854A /* Release */,
			);
			defaultConfigurationIsVisible = 0;
			defaultConfigurationName = Release;
		};
/* End XCConfigurationList section */
	};
	rootObject = FAC1B30F24EB8504001D854A /* Project object */;
}
